
Microsoft Visual Studio Solution File, Format Version 12.00
# Visual Studio Version 17
VisualStudioVersion = 17.5.33530.505
MinimumVisualStudioVersion = 10.0.40219.1
Project("{FAE04EC0-301F-11D3-BF4B-00C04F79EFBC}") = "ExercicioQuadrante", "ExercicioQuadrante\ExercicioQuadrante.csproj", "{1DBEF862-B81B-48A8-B344-EF3BF9CC7562}"
EndProject
Global
	GlobalSection(SolutionConfigurationPlatforms) = preSolution
		Debug|Any CPU = Debug|Any CPU
		Release|Any CPU = Release|Any CPU
	EndGlobalSection
	GlobalSection(ProjectConfigurationPlatforms) = postSolution
		{1DBEF862-B81B-48A8-B344-EF3BF9CC7562}.Debug|Any CPU.ActiveCfg = Debug|Any CPU
		{1DBEF862-B81B-48A8-B344-EF3BF9CC7562}.Debug|Any CPU.Build.0 = Debug|Any CPU
		{1DBEF862-B81B-48A8-B344-EF3BF9CC7562}.Release|Any CPU.ActiveCfg = Release|Any CPU
		{1DBEF862-B81B-48A8-B344-EF3BF9CC7562}.Release|Any CPU.Build.0 = Release|Any CPU
	EndGlobalSection
	GlobalSection(SolutionProperties) = preSolution
		HideSolutionNode = FALSE
	EndGlobalSection
	GlobalSection(ExtensibilityGlobals) = postSolution
		SolutionGuid = {50641DD2-E20E-412D-A0F0-F62E37CC4718}
	EndGlobalSection
EndGlobal
