
Microsoft Visual Studio Solution File, Format Version 12.00
# Visual Studio Version 17
VisualStudioVersion = 17.5.33530.505
MinimumVisualStudioVersion = 10.0.40219.1
Project("{FAE04EC0-301F-11D3-BF4B-00C04F79EFBC}") = "ExercicioCombustivel", "ExercicioCombustivel\ExercicioCombustivel.csproj", "{86E31010-AC8D-4118-99AF-4A532C632562}"
EndProject
Global
	GlobalSection(SolutionConfigurationPlatforms) = preSolution
		Debug|Any CPU = Debug|Any CPU
		Release|Any CPU = Release|Any CPU
	EndGlobalSection
	GlobalSection(ProjectConfigurationPlatforms) = postSolution
		{86E31010-AC8D-4118-99AF-4A532C632562}.Debug|Any CPU.ActiveCfg = Debug|Any CPU
		{86E31010-AC8D-4118-99AF-4A532C632562}.Debug|Any CPU.Build.0 = Debug|Any CPU
		{86E31010-AC8D-4118-99AF-4A532C632562}.Release|Any CPU.ActiveCfg = Release|Any CPU
		{86E31010-AC8D-4118-99AF-4A532C632562}.Release|Any CPU.Build.0 = Release|Any CPU
	EndGlobalSection
	GlobalSection(SolutionProperties) = preSolution
		HideSolutionNode = FALSE
	EndGlobalSection
	GlobalSection(ExtensibilityGlobals) = postSolution
		SolutionGuid = {2F92A000-266B-4B55-9070-A42F8231234E}
	EndGlobalSection
EndGlobal
