
Microsoft Visual Studio Solution File, Format Version 12.00
# Visual Studio Version 17
VisualStudioVersion = 17.5.33530.505
MinimumVisualStudioVersion = 10.0.40219.1
Project("{FAE04EC0-301F-11D3-BF4B-00C04F79EFBC}") = "ExercicioRaio", "ExercicioRaio\ExercicioRaio.csproj", "{516EF9D8-28B2-4636-A8BC-260A447BEE22}"
EndProject
Global
	GlobalSection(SolutionConfigurationPlatforms) = preSolution
		Debug|Any CPU = Debug|Any CPU
		Release|Any CPU = Release|Any CPU
	EndGlobalSection
	GlobalSection(ProjectConfigurationPlatforms) = postSolution
		{516EF9D8-28B2-4636-A8BC-260A447BEE22}.Debug|Any CPU.ActiveCfg = Debug|Any CPU
		{516EF9D8-28B2-4636-A8BC-260A447BEE22}.Debug|Any CPU.Build.0 = Debug|Any CPU
		{516EF9D8-28B2-4636-A8BC-260A447BEE22}.Release|Any CPU.ActiveCfg = Release|Any CPU
		{516EF9D8-28B2-4636-A8BC-260A447BEE22}.Release|Any CPU.Build.0 = Release|Any CPU
	EndGlobalSection
	GlobalSection(SolutionProperties) = preSolution
		HideSolutionNode = FALSE
	EndGlobalSection
	GlobalSection(ExtensibilityGlobals) = postSolution
		SolutionGuid = {612E3F92-3DE4-4413-B122-16889C98234C}
	EndGlobalSection
EndGlobal
