
Microsoft Visual Studio Solution File, Format Version 12.00
# Visual Studio Version 17
VisualStudioVersion = 17.5.33530.505
MinimumVisualStudioVersion = 10.0.40219.1
Project("{FAE04EC0-301F-11D3-BF4B-00C04F79EFBC}") = "ExercicioImpares", "ExercicioImpares\ExercicioImpares.csproj", "{75F6740B-81C2-43A4-9BAC-245A86F0E946}"
EndProject
Global
	GlobalSection(SolutionConfigurationPlatforms) = preSolution
		Debug|Any CPU = Debug|Any CPU
		Release|Any CPU = Release|Any CPU
	EndGlobalSection
	GlobalSection(ProjectConfigurationPlatforms) = postSolution
		{75F6740B-81C2-43A4-9BAC-245A86F0E946}.Debug|Any CPU.ActiveCfg = Debug|Any CPU
		{75F6740B-81C2-43A4-9BAC-245A86F0E946}.Debug|Any CPU.Build.0 = Debug|Any CPU
		{75F6740B-81C2-43A4-9BAC-245A86F0E946}.Release|Any CPU.ActiveCfg = Release|Any CPU
		{75F6740B-81C2-43A4-9BAC-245A86F0E946}.Release|Any CPU.Build.0 = Release|Any CPU
	EndGlobalSection
	GlobalSection(SolutionProperties) = preSolution
		HideSolutionNode = FALSE
	EndGlobalSection
	GlobalSection(ExtensibilityGlobals) = postSolution
		SolutionGuid = {8937AEE9-A24C-4061-9C54-9135717BA16D}
	EndGlobalSection
EndGlobal
