
Microsoft Visual Studio Solution File, Format Version 12.00
# Visual Studio Version 17
VisualStudioVersion = 17.5.33530.505
MinimumVisualStudioVersion = 10.0.40219.1
Project("{FAE04EC0-301F-11D3-BF4B-00C04F79EFBC}") = "ExercicioNumeroPar", "ExercicioNumeroPar\ExercicioNumeroPar.csproj", "{D444C887-18CC-45C4-B858-52810DE7AABC}"
EndProject
Global
	GlobalSection(SolutionConfigurationPlatforms) = preSolution
		Debug|Any CPU = Debug|Any CPU
		Release|Any CPU = Release|Any CPU
	EndGlobalSection
	GlobalSection(ProjectConfigurationPlatforms) = postSolution
		{D444C887-18CC-45C4-B858-52810DE7AABC}.Debug|Any CPU.ActiveCfg = Debug|Any CPU
		{D444C887-18CC-45C4-B858-52810DE7AABC}.Debug|Any CPU.Build.0 = Debug|Any CPU
		{D444C887-18CC-45C4-B858-52810DE7AABC}.Release|Any CPU.ActiveCfg = Release|Any CPU
		{D444C887-18CC-45C4-B858-52810DE7AABC}.Release|Any CPU.Build.0 = Release|Any CPU
	EndGlobalSection
	GlobalSection(SolutionProperties) = preSolution
		HideSolutionNode = FALSE
	EndGlobalSection
	GlobalSection(ExtensibilityGlobals) = postSolution
		SolutionGuid = {E7A2653D-4D11-465F-B7D9-FCD17C2F3786}
	EndGlobalSection
EndGlobal
